// !$*UTF8*$!
{
	archiveVersion = 1;
	classes = {
	};
	objectVersion = 46;
	objects = {

/* Begin PBXBuildFile section */
		74A941721DA92FA4008CF0AF /* main.m in Sources */ = {isa = PBXBuildFile; fileRef = 74A941711DA92FA4008CF0AF /* main.m */; };
		74A941751DA92FA4008CF0AF /* AppDelegate.m in Sources */ = {isa = PBXBuildFile; fileRef = 74A941741DA92FA4008CF0AF /* AppDelegate.m */; };
		74A941781DA92FA4008CF0AF /* ViewController.m in Sources */ = {isa = PBXBuildFile; fileRef = 74A941771DA92FA4008CF0AF /* ViewController.m */; };
		74A9417B1DA92FA4008CF0AF /* Main.storyboard in Resources */ = {isa = PBXBuildFile; fileRef = 74A941791DA92FA4008CF0AF /* Main.storyboard */; };
		74A9417D1DA92FA4008CF0AF /* Assets.xcassets in Resources */ = {isa = PBXBuildFile; fileRef = 74A9417C1DA92FA4008CF0AF /* Assets.xcassets */; };
		74A941801DA92FA4008CF0AF /* LaunchScreen.storyboard in Resources */ = {isa = PBXBuildFile; fileRef = 74A9417E1DA92FA4008CF0AF /* LaunchScreen.storyboard */; };
		74A9418B1DA92FA4008CF0AF /* weatherappTests.m in Sources */ = {isa = PBXBuildFile; fileRef = 74A9418A1DA92FA4008CF0AF /* weatherappTests.m */; };
		74A941961DA92FA4008CF0AF /* weatherappUITests.m in Sources */ = {isa = PBXBuildFile; fileRef = 74A941951DA92FA4008CF0AF /* weatherappUITests.m */; };
/* End PBXBuildFile section */

/* Begin PBXContainerItemProxy section */
		74A941871DA92FA4008CF0AF /* PBXContainerItemProxy */ = {
			isa = PBXContainerItemProxy;
			containerPortal = 74A941651DA92FA3008CF0AF /* Project object */;
			proxyType = 1;
			remoteGlobalIDString = 74A9416C1DA92FA3008CF0AF;
			remoteInfo = weatherapp;
		};
		74A941921DA92FA4008CF0AF /* PBXContainerItemProxy */ = {
			isa = PBXContainerItemProxy;
			containerPortal = 74A941651DA92FA3008CF0AF /* Project object */;
			proxyType = 1;
			remoteGlobalIDString = 74A9416C1DA92FA3008CF0AF;
			remoteInfo = weatherapp;
		};
/* End PBXContainerItemProxy section */

/* Begin PBXFileReference section */
		74A9416D1DA92FA4008CF0AF /* weatherapp.app */ = {isa = PBXFileReference; explicitFileType = wrapper.application; includeInIndex = 0; path = weatherapp.app; sourceTree = BUILT_PRODUCTS_DIR; };
		74A941711DA92FA4008CF0AF /* main.m */ = {isa = PBXFileReference; lastKnownFileType = sourcecode.c.objc; path = main.m; sourceTree = "<group>"; };
		74A941731DA92FA4008CF0AF /* AppDelegate.h */ = {isa = PBXFileReference; lastKnownFileType = sourcecode.c.h; path = AppDelegate.h; sourceTree = "<group>"; };
		74A941741DA92FA4008CF0AF /* AppDelegate.m */ = {isa = PBXFileReference; lastKnownFileType = sourcecode.c.objc; path = AppDelegate.m; sourceTree = "<group>"; };
		74A941761DA92FA4008CF0AF /* ViewController.h */ = {isa = PBXFileReference; lastKnownFileType = sourcecode.c.h; path = ViewController.h; sourceTree = "<group>"; };
		74A941771DA92FA4008CF0AF /* ViewController.m */ = {isa = PBXFileReference; lastKnownFileType = sourcecode.c.objc; path = ViewController.m; sourceTree = "<group>"; };
		74A9417A1DA92FA4008CF0AF /* Base */ = {isa = PBXFileReference; lastKnownFileType = file.storyboard; name = Base; path = Base.lproj/Main.storyboard; sourceTree = "<group>"; };
		74A9417C1DA92FA4008CF0AF /* Assets.xcassets */ = {isa = PBXFileReference; lastKnownFileType = folder.assetcatalog; path = Assets.xcassets; sourceTree = "<group>"; };
		74A9417F1DA92FA4008CF0AF /* Base */ = {isa = PBXFileReference; lastKnownFileType = file.storyboard; name = Base; path = Base.lproj/LaunchScreen.storyboard; sourceTree = "<group>"; };
		74A941811DA92FA4008CF0AF /* Info.plist */ = {isa = PBXFileReference; lastKnownFileType = text.plist.xml; path = Info.plist; sourceTree = "<group>"; };
		74A941861DA92FA4008CF0AF /* weatherappTests.xctest */ = {isa = PBXFileReference; explicitFileType = wrapper.cfbundle; includeInIndex = 0; path = weatherappTests.xctest; sourceTree = BUILT_PRODUCTS_DIR; };
		74A9418A1DA92FA4008CF0AF /* weatherappTests.m */ = {isa = PBXFileReference; lastKnownFileType = sourcecode.c.objc; path = weatherappTests.m; sourceTree = "<group>"; };
		74A9418C1DA92FA4008CF0AF /* Info.plist */ = {isa = PBXFileReference; lastKnownFileType = text.plist.xml; path = Info.plist; sourceTree = "<group>"; };
		74A941911DA92FA4008CF0AF /* weatherappUITests.xctest */ = {isa = PBXFileReference; explicitFileType = wrapper.cfbundle; includeInIndex = 0; path = weatherappUITests.xctest; sourceTree = BUILT_PRODUCTS_DIR; };
		74A941951DA92FA4008CF0AF /* weatherappUITests.m */ = {isa = PBXFileReference; lastKnownFileType = sourcecode.c.objc; path = weatherappUITests.m; sourceTree = "<group>"; };
		74A941971DA92FA4008CF0AF /* Info.plist */ = {isa = PBXFileReference; lastKnownFileType = text.plist.xml; path = Info.plist; sourceTree = "<group>"; };
/* End PBXFileReference section */

/* Begin PBXFrameworksBuildPhase section */
		74A9416A1DA92FA3008CF0AF /* Frameworks */ = {
			isa = PBXFrameworksBuildPhase;
			buildActionMask = 2147483647;
			files = (
			);
			runOnlyForDeploymentPostprocessing = 0;
		};
		74A941831DA92FA4008CF0AF /* Frameworks */ = {
			isa = PBXFrameworksBuildPhase;
			buildActionMask = 2147483647;
			files = (
			);
			runOnlyForDeploymentPostprocessing = 0;
		};
		74A9418E1DA92FA4008CF0AF /* Frameworks */ = {
			isa = PBXFrameworksBuildPhase;
			buildActionMask = 2147483647;
			files = (
			);
			runOnlyForDeploymentPostprocessing = 0;
		};
/* End PBXFrameworksBuildPhase section */

/* Begin PBXGroup section */
		74A941641DA92FA3008CF0AF = {
			isa = PBXGroup;
			children = (
				74A9416F1DA92FA4008CF0AF /* weatherapp */,
				74A941891DA92FA4008CF0AF /* weatherappTests */,
				74A941941DA92FA4008CF0AF /* weatherappUITests */,
				74A9416E1DA92FA4008CF0AF /* Products */,
			);
			sourceTree = "<group>";
		};
		74A9416E1DA92FA4008CF0AF /* Products */ = {
			isa = PBXGroup;
			children = (
				74A9416D1DA92FA4008CF0AF /* weatherapp.app */,
				74A941861DA92FA4008CF0AF /* weatherappTests.xctest */,
				74A941911DA92FA4008CF0AF /* weatherappUITests.xctest */,
			);
			name = Products;
			sourceTree = "<group>";
		};
		74A9416F1DA92FA4008CF0AF /* weatherapp */ = {
			isa = PBXGroup;
			children = (
				74A941731DA92FA4008CF0AF /* AppDelegate.h */,
				74A941741DA92FA4008CF0AF /* AppDelegate.m */,
				74A941761DA92FA4008CF0AF /* ViewController.h */,
				74A941771DA92FA4008CF0AF /* ViewController.m */,
				74A941791DA92FA4008CF0AF /* Main.storyboard */,
				74A9417C1DA92FA4008CF0AF /* Assets.xcassets */,
				74A9417E1DA92FA4008CF0AF /* LaunchScreen.storyboard */,
				74A941811DA92FA4008CF0AF /* Info.plist */,
				74A941701DA92FA4008CF0AF /* Supporting Files */,
			);
			path = weatherapp;
			sourceTree = "<group>";
		};
		74A941701DA92FA4008CF0AF /* Supporting Files */ = {
			isa = PBXGroup;
			children = (
				74A941711DA92FA4008CF0AF /* main.m */,
			);
			name = "Supporting Files";
			sourceTree = "<group>";
		};
		74A941891DA92FA4008CF0AF /* weatherappTests */ = {
			isa = PBXGroup;
			children = (
				74A9418A1DA92FA4008CF0AF /* weatherappTests.m */,
				74A9418C1DA92FA4008CF0AF /* Info.plist */,
			);
			path = weatherappTests;
			sourceTree = "<group>";
		};
		74A941941DA92FA4008CF0AF /* weatherappUITests */ = {
			isa = PBXGroup;
			children = (
				74A941951DA92FA4008CF0AF /* weatherappUITests.m */,
				74A941971DA92FA4008CF0AF /* Info.plist */,
			);
			path = weatherappUITests;
			sourceTree = "<group>";
		};
/* End PBXGroup section */

/* Begin PBXNativeTarget section */
		74A9416C1DA92FA3008CF0AF /* weatherapp */ = {
			isa = PBXNativeTarget;
			buildConfigurationList = 74A9419A1DA92FA4008CF0AF /* Build configuration list for PBXNativeTarget "weatherapp" */;
			buildPhases = (
				74A941691DA92FA3008CF0AF /* Sources */,
				74A9416A1DA92FA3008CF0AF /* Frameworks */,
				74A9416B1DA92FA3008CF0AF /* Resources */,
			);
			buildRules = (
			);
			dependencies = (
			);
			name = weatherapp;
			productName = weatherapp;
			productReference = 74A9416D1DA92FA4008CF0AF /* weatherapp.app */;
			productType = "com.apple.product-type.application";
		};
		74A941851DA92FA4008CF0AF /* weatherappTests */ = {
			isa = PBXNativeTarget;
			buildConfigurationList = 74A9419D1DA92FA4008CF0AF /* Build configuration list for PBXNativeTarget "weatherappTests" */;
			buildPhases = (
				74A941821DA92FA4008CF0AF /* Sources */,
				74A941831DA92FA4008CF0AF /* Frameworks */,
				74A941841DA92FA4008CF0AF /* Resources */,
			);
			buildRules = (
			);
			dependencies = (
				74A941881DA92FA4008CF0AF /* PBXTargetDependency */,
			);
			name = weatherappTests;
			productName = weatherappTests;
			productReference = 74A941861DA92FA4008CF0AF /* weatherappTests.xctest */;
			productType = "com.apple.product-type.bundle.unit-test";
		};
		74A941901DA92FA4008CF0AF /* weatherappUITests */ = {
			isa = PBXNativeTarget;
			buildConfigurationList = 74A941A01DA92FA4008CF0AF /* Build configuration list for PBXNativeTarget "weatherappUITests" */;
			buildPhases = (
				74A9418D1DA92FA4008CF0AF /* Sources */,
				74A9418E1DA92FA4008CF0AF /* Frameworks */,
				74A9418F1DA92FA4008CF0AF /* Resources */,
			);
			buildRules = (
			);
			dependencies = (
				74A941931DA92FA4008CF0AF /* PBXTargetDependency */,
			);
			name = weatherappUITests;
			productName = weatherappUITests;
			productReference = 74A941911DA92FA4008CF0AF /* weatherappUITests.xctest */;
			productType = "com.apple.product-type.bundle.ui-testing";
		};
/* End PBXNativeTarget section */

/* Begin PBXProject section */
		74A941651DA92FA3008CF0AF /* Project object */ = {
			isa = PBXProject;
			attributes = {
				LastUpgradeCheck = 0800;
				ORGANIZATIONNAME = "Mark Pettersson";
				TargetAttributes = {
					74A9416C1DA92FA3008CF0AF = {
						CreatedOnToolsVersion = 8.0;
						DevelopmentTeam = 9P5S784YV9;
						ProvisioningStyle = Automatic;
					};
					74A941851DA92FA4008CF0AF = {
						CreatedOnToolsVersion = 8.0;
						DevelopmentTeam = 9P5S784YV9;
						ProvisioningStyle = Automatic;
						TestTargetID = 74A9416C1DA92FA3008CF0AF;
					};
					74A941901DA92FA4008CF0AF = {
						CreatedOnToolsVersion = 8.0;
						DevelopmentTeam = 9P5S784YV9;
						ProvisioningStyle = Automatic;
						TestTargetID = 74A9416C1DA92FA3008CF0AF;
					};
				};
			};
			buildConfigurationList = 74A941681DA92FA3008CF0AF /* Build configuration list for PBXProject "weatherapp" */;
			compatibilityVersion = "Xcode 3.2";
			developmentRegion = English;
			hasScannedForEncodings = 0;
			knownRegions = (
				en,
				Base,
			);
			mainGroup = 74A941641DA92FA3008CF0AF;
			productRefGroup = 74A9416E1DA92FA4008CF0AF /* Products */;
			projectDirPath = "";
			projectRoot = "";
			targets = (
				74A9416C1DA92FA3008CF0AF /* weatherapp */,
				74A941851DA92FA4008CF0AF /* weatherappTests */,
				74A941901DA92FA4008CF0AF /* weatherappUITests */,
			);
		};
/* End PBXProject section */

/* Begin PBXResourcesBuildPhase section */
		74A9416B1DA92FA3008CF0AF /* Resources */ = {
			isa = PBXResourcesBuildPhase;
			buildActionMask = 2147483647;
			files = (
				74A941801DA92FA4008CF0AF /* LaunchScreen.storyboard in Resources */,
				74A9417D1DA92FA4008CF0AF /* Assets.xcassets in Resources */,
				74A9417B1DA92FA4008CF0AF /* Main.storyboard in Resources */,
			);
			runOnlyForDeploymentPostprocessing = 0;
		};
		74A941841DA92FA4008CF0AF /* Resources */ = {
			isa = PBXResourcesBuildPhase;
			buildActionMask = 2147483647;
			files = (
			);
			runOnlyForDeploymentPostprocessing = 0;
		};
		74A9418F1DA92FA4008CF0AF /* Resources */ = {
			isa = PBXResourcesBuildPhase;
			buildActionMask = 2147483647;
			files = (
			);
			runOnlyForDeploymentPostprocessing = 0;
		};
/* End PBXResourcesBuildPhase section */

/* Begin PBXSourcesBuildPhase section */
		74A941691DA92FA3008CF0AF /* Sources */ = {
			isa = PBXSourcesBuildPhase;
			buildActionMask = 2147483647;
			files = (
				74A941781DA92FA4008CF0AF /* ViewController.m in Sources */,
				74A941751DA92FA4008CF0AF /* AppDelegate.m in Sources */,
				74A941721DA92FA4008CF0AF /* main.m in Sources */,
			);
			runOnlyForDeploymentPostprocessing = 0;
		};
		74A941821DA92FA4008CF0AF /* Sources */ = {
			isa = PBXSourcesBuildPhase;
			buildActionMask = 2147483647;
			files = (
				74A9418B1DA92FA4008CF0AF /* weatherappTests.m in Sources */,
			);
			runOnlyForDeploymentPostprocessing = 0;
		};
		74A9418D1DA92FA4008CF0AF /* Sources */ = {
			isa = PBXSourcesBuildPhase;
			buildActionMask = 2147483647;
			files = (
				74A941961DA92FA4008CF0AF /* weatherappUITests.m in Sources */,
			);
			runOnlyForDeploymentPostprocessing = 0;
		};
/* End PBXSourcesBuildPhase section */

/* Begin PBXTargetDependency section */
		74A941881DA92FA4008CF0AF /* PBXTargetDependency */ = {
			isa = PBXTargetDependency;
			target = 74A9416C1DA92FA3008CF0AF /* weatherapp */;
			targetProxy = 74A941871DA92FA4008CF0AF /* PBXContainerItemProxy */;
		};
		74A941931DA92FA4008CF0AF /* PBXTargetDependency */ = {
			isa = PBXTargetDependency;
			target = 74A9416C1DA92FA3008CF0AF /* weatherapp */;
			targetProxy = 74A941921DA92FA4008CF0AF /* PBXContainerItemProxy */;
		};
/* End PBXTargetDependency section */

/* Begin PBXVariantGroup section */
		74A941791DA92FA4008CF0AF /* Main.storyboard */ = {
			isa = PBXVariantGroup;
			children = (
				74A9417A1DA92FA4008CF0AF /* Base */,
			);
			name = Main.storyboard;
			sourceTree = "<group>";
		};
		74A9417E1DA92FA4008CF0AF /* LaunchScreen.storyboard */ = {
			isa = PBXVariantGroup;
			children = (
				74A9417F1DA92FA4008CF0AF /* Base */,
			);
			name = LaunchScreen.storyboard;
			sourceTree = "<group>";
		};
/* End PBXVariantGroup section */

/* Begin XCBuildConfiguration section */
		74A941981DA92FA4008CF0AF /* Debug */ = {
			isa = XCBuildConfiguration;
			buildSettings = {
				ALWAYS_SEARCH_USER_PATHS = NO;
				CLANG_ANALYZER_NONNULL = YES;
				CLANG_CXX_LANGUAGE_STANDARD = "gnu++0x";
				CLANG_CXX_LIBRARY = "libc++";
				CLANG_ENABLE_MODULES = YES;
				CLANG_ENABLE_OBJC_ARC = YES;
				CLANG_WARN_BOOL_CONVERSION = YES;
				CLANG_WARN_CONSTANT_CONVERSION = YES;
				CLANG_WARN_DIRECT_OBJC_ISA_USAGE = YES_ERROR;
				CLANG_WARN_DOCUMENTATION_COMMENTS = YES;
				CLANG_WARN_EMPTY_BODY = YES;
				CLANG_WARN_ENUM_CONVERSION = YES;
				CLANG_WARN_INFINITE_RECURSION = YES;
				CLANG_WARN_INT_CONVERSION = YES;
				CLANG_WARN_OBJC_ROOT_CLASS = YES_ERROR;
				CLANG_WARN_SUSPICIOUS_MOVES = YES;
				CLANG_WARN_UNREACHABLE_CODE = YES;
				CLANG_WARN__DUPLICATE_METHOD_MATCH = YES;
				"CODE_SIGN_IDENTITY[sdk=iphoneos*]" = "iPhone Developer";
				COPY_PHASE_STRIP = NO;
				DEBUG_INFORMATION_FORMAT = dwarf;
				ENABLE_STRICT_OBJC_MSGSEND = YES;
				ENABLE_TESTABILITY = YES;
				GCC_C_LANGUAGE_STANDARD = gnu99;
				GCC_DYNAMIC_NO_PIC = NO;
				GCC_NO_COMMON_BLOCKS = YES;
				GCC_OPTIMIZATION_LEVEL = 0;
				GCC_PREPROCESSOR_DEFINITIONS = (
					"DEBUG=1",
					"$(inherited)",
				);
				GCC_WARN_64_TO_32_BIT_CONVERSION = YES;
				GCC_WARN_ABOUT_RETURN_TYPE = YES_ERROR;
				GCC_WARN_UNDECLARED_SELECTOR = YES;
				GCC_WARN_UNINITIALIZED_AUTOS = YES_AGGRESSIVE;
				GCC_WARN_UNUSED_FUNCTION = YES;
				GCC_WARN_UNUSED_VARIABLE = YES;
				IPHONEOS_DEPLOYMENT_TARGET = 10.0;
				MTL_ENABLE_DEBUG_INFO = YES;
				ONLY_ACTIVE_ARCH = YES;
				SDKROOT = iphoneos;
				TARGETED_DEVICE_FAMILY = "1,2";
			};
			name = Debug;
		};
		74A941991DA92FA4008CF0AF /* Release */ = {
			isa = XCBuildConfiguration;
			buildSettings = {
				ALWAYS_SEARCH_USER_PATHS = NO;
				CLANG_ANALYZER_NONNULL = YES;
				CLANG_CXX_LANGUAGE_STANDARD = "gnu++0x";
				CLANG_CXX_LIBRARY = "libc++";
				CLANG_ENABLE_MODULES = YES;
				CLANG_ENABLE_OBJC_ARC = YES;
				CLANG_WARN_BOOL_CONVERSION = YES;
				CLANG_WARN_CONSTANT_CONVERSION = YES;
				CLANG_WARN_DIRECT_OBJC_ISA_USAGE = YES_ERROR;
				CLANG_WARN_DOCUMENTATION_COMMENTS = YES;
				CLANG_WARN_EMPTY_BODY = YES;
				CLANG_WARN_ENUM_CONVERSION = YES;
				CLANG_WARN_INFINITE_RECURSION = YES;
				CLANG_WARN_INT_CONVERSION = YES;
				CLANG_WARN_OBJC_ROOT_CLASS = YES_ERROR;
				CLANG_WARN_SUSPICIOUS_MOVES = YES;
				CLANG_WARN_UNREACHABLE_CODE = YES;
				CLANG_WARN__DUPLICATE_METHOD_MATCH = YES;
				"CODE_SIGN_IDENTITY[sdk=iphoneos*]" = "iPhone Developer";
				COPY_PHASE_STRIP = NO;
				DEBUG_INFORMATION_FORMAT = "dwarf-with-dsym";
				ENABLE_NS_ASSERTIONS = NO;
				ENABLE_STRICT_OBJC_MSGSEND = YES;
				GCC_C_LANGUAGE_STANDARD = gnu99;
				GCC_NO_COMMON_BLOCKS = YES;
				GCC_WARN_64_TO_32_BIT_CONVERSION = YES;
				GCC_WARN_ABOUT_RETURN_TYPE = YES_ERROR;
				GCC_WARN_UNDECLARED_SELECTOR = YES;
				GCC_WARN_UNINITIALIZED_AUTOS = YES_AGGRESSIVE;
				GCC_WARN_UNUSED_FUNCTION = YES;
				GCC_WARN_UNUSED_VARIABLE = YES;
				IPHONEOS_DEPLOYMENT_TARGET = 10.0;
				MTL_ENABLE_DEBUG_INFO = NO;
				SDKROOT = iphoneos;
				TARGETED_DEVICE_FAMILY = "1,2";
				VALIDATE_PRODUCT = YES;
			};
			name = Release;
		};
		74A9419B1DA92FA4008CF0AF /* Debug */ = {
			isa = XCBuildConfiguration;
			buildSettings = {
				ASSETCATALOG_COMPILER_APPICON_NAME = AppIcon;
				DEVELOPMENT_TEAM = 9P5S784YV9;
				INFOPLIST_FILE = weatherapp/Info.plist;
				LD_RUNPATH_SEARCH_PATHS = "$(inherited) @executable_path/Frameworks";
				PRODUCT_BUNDLE_IDENTIFIER = konopolis.weatherapp;
				PRODUCT_NAME = "$(TARGET_NAME)";
			};
			name = Debug;
		};
		74A9419C1DA92FA4008CF0AF /* Release */ = {
			isa = XCBuildConfiguration;
			buildSettings = {
				ASSETCATALOG_COMPILER_APPICON_NAME = AppIcon;
				DEVELOPMENT_TEAM = 9P5S784YV9;
				INFOPLIST_FILE = weatherapp/Info.plist;
				LD_RUNPATH_SEARCH_PATHS = "$(inherited) @executable_path/Frameworks";
				PRODUCT_BUNDLE_IDENTIFIER = konopolis.weatherapp;
				PRODUCT_NAME = "$(TARGET_NAME)";
			};
			name = Release;
		};
		74A9419E1DA92FA4008CF0AF /* Debug */ = {
			isa = XCBuildConfiguration;
			buildSettings = {
				BUNDLE_LOADER = "$(TEST_HOST)";
				DEVELOPMENT_TEAM = 9P5S784YV9;
				INFOPLIST_FILE = weatherappTests/Info.plist;
				LD_RUNPATH_SEARCH_PATHS = "$(inherited) @executable_path/Frameworks @loader_path/Frameworks";
				PRODUCT_BUNDLE_IDENTIFIER = konopolis.weatherappTests;
				PRODUCT_NAME = "$(TARGET_NAME)";
				TEST_HOST = "$(BUILT_PRODUCTS_DIR)/weatherapp.app/weatherapp";
			};
			name = Debug;
		};
		74A9419F1DA92FA4008CF0AF /* Release */ = {
			isa = XCBuildConfiguration;
			buildSettings = {
				BUNDLE_LOADER = "$(TEST_HOST)";
				DEVELOPMENT_TEAM = 9P5S784YV9;
				INFOPLIST_FILE = weatherappTests/Info.plist;
				LD_RUNPATH_SEARCH_PATHS = "$(inherited) @executable_path/Frameworks @loader_path/Frameworks";
				PRODUCT_BUNDLE_IDENTIFIER = konopolis.weatherappTests;
				PRODUCT_NAME = "$(TARGET_NAME)";
				TEST_HOST = "$(BUILT_PRODUCTS_DIR)/weatherapp.app/weatherapp";
			};
			name = Release;
		};
		74A941A11DA92FA4008CF0AF /* Debug */ = {
			isa = XCBuildConfiguration;
			buildSettings = {
				DEVELOPMENT_TEAM = 9P5S784YV9;
				INFOPLIST_FILE = weatherappUITests/Info.plist;
				LD_RUNPATH_SEARCH_PATHS = "$(inherited) @executable_path/Frameworks @loader_path/Frameworks";
				PRODUCT_BUNDLE_IDENTIFIER = konopolis.weatherappUITests;
				PRODUCT_NAME = "$(TARGET_NAME)";
				TEST_TARGET_NAME = weatherapp;
			};
			name = Debug;
		};
		74A941A21DA92FA4008CF0AF /* Release */ = {
			isa = XCBuildConfiguration;
			buildSettings = {
				DEVELOPMENT_TEAM = 9P5S784YV9;
				INFOPLIST_FILE = weatherappUITests/Info.plist;
				LD_RUNPATH_SEARCH_PATHS = "$(inherited) @executable_path/Frameworks @loader_path/Frameworks";
				PRODUCT_BUNDLE_IDENTIFIER = konopolis.weatherappUITests;
				PRODUCT_NAME = "$(TARGET_NAME)";
				TEST_TARGET_NAME = weatherapp;
			};
			name = Release;
		};
/* End XCBuildConfiguration section */

/* Begin XCConfigurationList section */
		74A941681DA92FA3008CF0AF /* Build configuration list for PBXProject "weatherapp" */ = {
			isa = XCConfigurationList;
			buildConfigurations = (
				74A941981DA92FA4008CF0AF /* Debug */,
				74A941991DA92FA4008CF0AF /* Release */,
			);
			defaultConfigurationIsVisible = 0;
			defaultConfigurationName = Release;
		};
		74A9419A1DA92FA4008CF0AF /* Build configuration list for PBXNativeTarget "weatherapp" */ = {
			isa = XCConfigurationList;
			buildConfigurations = (
				74A9419B1DA92FA4008CF0AF /* Debug */,
				74A9419C1DA92FA4008CF0AF /* Release */,
			);
			defaultConfigurationIsVisible = 0;
		};
		74A9419D1DA92FA4008CF0AF /* Build configuration list for PBXNativeTarget "weatherappTests" */ = {
			isa = XCConfigurationList;
			buildConfigurations = (
				74A9419E1DA92FA4008CF0AF /* Debug */,
				74A9419F1DA92FA4008CF0AF /* Release */,
			);
			defaultConfigurationIsVisible = 0;
		};
		74A941A01DA92FA4008CF0AF /* Build configuration list for PBXNativeTarget "weatherappUITests" */ = {
			isa = XCConfigurationList;
			buildConfigurations = (
				74A941A11DA92FA4008CF0AF /* Debug */,
				74A941A21DA92FA4008CF0AF /* Release */,
			);
			defaultConfigurationIsVisible = 0;
		};
/* End XCConfigurationList section */
	};
	rootObject = 74A941651DA92FA3008CF0AF /* Project object */;
}
